
Microsoft Visual Studio Solution File, Format Version 12.00
# Visual Studio Version 16
VisualStudioVersion = 16.0.31702.278
MinimumVisualStudioVersion = 10.0.40219.1
Project("{9A19103F-16F7-4668-BE54-9A1E7A4F7556}") = "LibreriaColores", "LibreriaColores\LibreriaColores.csproj", "{8C4081AF-368A-4650-A857-E6852FFA288E}"
EndProject
Global
	GlobalSection(SolutionConfigurationPlatforms) = preSolution
		Debug|Any CPU = Debug|Any CPU
		Release|Any CPU = Release|Any CPU
	EndGlobalSection
	GlobalSection(ProjectConfigurationPlatforms) = postSolution
		{8C4081AF-368A-4650-A857-E6852FFA288E}.Debug|Any CPU.ActiveCfg = Debug|Any CPU
		{8C4081AF-368A-4650-A857-E6852FFA288E}.Debug|Any CPU.Build.0 = Debug|Any CPU
		{8C4081AF-368A-4650-A857-E6852FFA288E}.Release|Any CPU.ActiveCfg = Release|Any CPU
		{8C4081AF-368A-4650-A857-E6852FFA288E}.Release|Any CPU.Build.0 = Release|Any CPU
	EndGlobalSection
	GlobalSection(SolutionProperties) = preSolution
		HideSolutionNode = FALSE
	EndGlobalSection
	GlobalSection(ExtensibilityGlobals) = postSolution
		SolutionGuid = {069E37B4-0A88-43B0-8D4F-405228206F7A}
	EndGlobalSection
EndGlobal
